
Microsoft Visual Studio Solution File, Format Version 12.00
# Visual Studio 15
VisualStudioVersion = 15.0.26403.7
MinimumVisualStudioVersion = 10.0.40219.1
Project("{FAE04EC0-301F-11D3-BF4B-00C04F79EFBC}") = "KmlLib", "kmlLib\KmlLib.csproj", "{8E618B05-4E4B-4B9A-B66A-05D9776B9C37}"
EndProject
Project("{FAE04EC0-301F-11D3-BF4B-00C04F79EFBC}") = "kml2mkrc", "kml2mkrc\kml2mkrc.csproj", "{7CA6F8EF-5EA1-4619-A2D8-3E98DF266EF0}"
EndProject
Project("{FAE04EC0-301F-11D3-BF4B-00C04F79EFBC}") = "KmlForms", "KmlForms\KmlForms.csproj", "{F6F5B4C7-8CE0-4150-B5A0-A3D39E2C31F4}"
EndProject
Project("{FAE04EC0-301F-11D3-BF4B-00C04F79EFBC}") = "kml2mkr", "kml2mkr\kml2mkr.csproj", "{AB082F4A-DB68-4C58-8DF9-D325A495EF60}"
EndProject
Project("{2150E333-8FDC-42A3-9474-1A3956D46DE8}") = "admin", "admin", "{EBA5D35A-34A1-43C8-B110-1248F5162942}"
	ProjectSection(SolutionItems) = preProject
		LICENSE.txt = LICENSE.txt
		README.md = README.md
	EndProjectSection
EndProject
Project("{2150E333-8FDC-42A3-9474-1A3956D46DE8}") = "doc_src", "doc_src", "{B27FB787-6DFD-43EF-8053-DC74D384392B}"
	ProjectSection(SolutionItems) = preProject
		doc_src\conf.py = doc_src\conf.py
		doc_src\final.rst = doc_src\final.rst
		doc_src\generic.rst = doc_src\generic.rst
		doc_src\index.rst = doc_src\index.rst
		doc_src\kml2mkr.rst = doc_src\kml2mkr.rst
		doc_src\kml2mkrc.rst = doc_src\kml2mkrc.rst
		doc_src\legal.rst = doc_src\legal.rst
		doc_src\license.xmp = doc_src\license.xmp
		doc_src\make.bat = doc_src\make.bat
		doc_src\Makefile = doc_src\Makefile
		doc_src\makesite.bat = doc_src\makesite.bat
		doc_src\msts.rst = doc_src\msts.rst
		doc_src\rail3d.rst = doc_src\rail3d.rst
		doc_src\userguides.rst = doc_src\userguides.rst
	EndProjectSection
EndProject
Project("{2150E333-8FDC-42A3-9474-1A3956D46DE8}") = "images", "images", "{9E8B15D8-B769-4E37-9268-9260F51125D1}"
	ProjectSection(SolutionItems) = preProject
		doc_src\images\cover_image.png = doc_src\images\cover_image.png
		doc_src\images\logo.png = doc_src\images\logo.png
	EndProjectSection
EndProject
Project("{FAE04EC0-301F-11D3-BF4B-00C04F79EFBC}") = "BaseForms", "BaseForms\BaseForms.csproj", "{FFDBC7FB-F2A2-49C7-9718-9F29706A7A91}"
EndProject
Project("{FAE04EC0-301F-11D3-BF4B-00C04F79EFBC}") = "R3DCoords", "R3DCoords\R3DCoords.csproj", "{DA2258D3-71B7-494E-B651-4F86E239DB21}"
EndProject
Project("{FAE04EC0-301F-11D3-BF4B-00C04F79EFBC}") = "kml2label", "kml2label\kml2label.csproj", "{8AA6E47F-E065-442F-BE4A-4D6E47977B04}"
EndProject
Global
	GlobalSection(SolutionConfigurationPlatforms) = preSolution
		Debug|Any CPU = Debug|Any CPU
		Release|Any CPU = Release|Any CPU
	EndGlobalSection
	GlobalSection(ProjectConfigurationPlatforms) = postSolution
		{8E618B05-4E4B-4B9A-B66A-05D9776B9C37}.Debug|Any CPU.ActiveCfg = Debug|Any CPU
		{8E618B05-4E4B-4B9A-B66A-05D9776B9C37}.Debug|Any CPU.Build.0 = Debug|Any CPU
		{8E618B05-4E4B-4B9A-B66A-05D9776B9C37}.Release|Any CPU.ActiveCfg = Release|Any CPU
		{8E618B05-4E4B-4B9A-B66A-05D9776B9C37}.Release|Any CPU.Build.0 = Release|Any CPU
		{7CA6F8EF-5EA1-4619-A2D8-3E98DF266EF0}.Debug|Any CPU.ActiveCfg = Debug|Any CPU
		{7CA6F8EF-5EA1-4619-A2D8-3E98DF266EF0}.Debug|Any CPU.Build.0 = Debug|Any CPU
		{7CA6F8EF-5EA1-4619-A2D8-3E98DF266EF0}.Release|Any CPU.ActiveCfg = Release|Any CPU
		{7CA6F8EF-5EA1-4619-A2D8-3E98DF266EF0}.Release|Any CPU.Build.0 = Release|Any CPU
		{F6F5B4C7-8CE0-4150-B5A0-A3D39E2C31F4}.Debug|Any CPU.ActiveCfg = Debug|Any CPU
		{F6F5B4C7-8CE0-4150-B5A0-A3D39E2C31F4}.Debug|Any CPU.Build.0 = Debug|Any CPU
		{F6F5B4C7-8CE0-4150-B5A0-A3D39E2C31F4}.Release|Any CPU.ActiveCfg = Release|Any CPU
		{F6F5B4C7-8CE0-4150-B5A0-A3D39E2C31F4}.Release|Any CPU.Build.0 = Release|Any CPU
		{AB082F4A-DB68-4C58-8DF9-D325A495EF60}.Debug|Any CPU.ActiveCfg = Debug|Any CPU
		{AB082F4A-DB68-4C58-8DF9-D325A495EF60}.Debug|Any CPU.Build.0 = Debug|Any CPU
		{AB082F4A-DB68-4C58-8DF9-D325A495EF60}.Release|Any CPU.ActiveCfg = Release|Any CPU
		{AB082F4A-DB68-4C58-8DF9-D325A495EF60}.Release|Any CPU.Build.0 = Release|Any CPU
		{FFDBC7FB-F2A2-49C7-9718-9F29706A7A91}.Debug|Any CPU.ActiveCfg = Debug|Any CPU
		{FFDBC7FB-F2A2-49C7-9718-9F29706A7A91}.Debug|Any CPU.Build.0 = Debug|Any CPU
		{FFDBC7FB-F2A2-49C7-9718-9F29706A7A91}.Release|Any CPU.ActiveCfg = Release|Any CPU
		{FFDBC7FB-F2A2-49C7-9718-9F29706A7A91}.Release|Any CPU.Build.0 = Release|Any CPU
		{DA2258D3-71B7-494E-B651-4F86E239DB21}.Debug|Any CPU.ActiveCfg = Debug|Any CPU
		{DA2258D3-71B7-494E-B651-4F86E239DB21}.Debug|Any CPU.Build.0 = Debug|Any CPU
		{DA2258D3-71B7-494E-B651-4F86E239DB21}.Release|Any CPU.ActiveCfg = Release|Any CPU
		{DA2258D3-71B7-494E-B651-4F86E239DB21}.Release|Any CPU.Build.0 = Release|Any CPU
		{8AA6E47F-E065-442F-BE4A-4D6E47977B04}.Debug|Any CPU.ActiveCfg = Debug|Any CPU
		{8AA6E47F-E065-442F-BE4A-4D6E47977B04}.Debug|Any CPU.Build.0 = Debug|Any CPU
		{8AA6E47F-E065-442F-BE4A-4D6E47977B04}.Release|Any CPU.ActiveCfg = Release|Any CPU
		{8AA6E47F-E065-442F-BE4A-4D6E47977B04}.Release|Any CPU.Build.0 = Release|Any CPU
	EndGlobalSection
	GlobalSection(SolutionProperties) = preSolution
		HideSolutionNode = FALSE
	EndGlobalSection
	GlobalSection(NestedProjects) = preSolution
		{9E8B15D8-B769-4E37-9268-9260F51125D1} = {B27FB787-6DFD-43EF-8053-DC74D384392B}
	EndGlobalSection
EndGlobal
