
Microsoft Visual Studio Solution File, Format Version 12.00
# Visual Studio 15
VisualStudioVersion = 15.0.26430.6
MinimumVisualStudioVersion = 10.0.40219.1
Project("{FAE04EC0-301F-11D3-BF4B-00C04F79EFBC}") = "kml2mkrc", "kml2mkrc\kml2mkrc.csproj", "{7CA6F8EF-5EA1-4619-A2D8-3E98DF266EF0}"
EndProject
Project("{FAE04EC0-301F-11D3-BF4B-00C04F79EFBC}") = "KmlForms", "KmlForms\KmlForms.csproj", "{F6F5B4C7-8CE0-4150-B5A0-A3D39E2C31F4}"
	ProjectSection(ProjectDependencies) = postProject
		{0034A523-FE85-4D06-9649-A07CB3614092} = {0034A523-FE85-4D06-9649-A07CB3614092}
	EndProjectSection
EndProject
Project("{FAE04EC0-301F-11D3-BF4B-00C04F79EFBC}") = "kml2mkr", "kml2mkr\kml2mkr.csproj", "{AB082F4A-DB68-4C58-8DF9-D325A495EF60}"
EndProject
Project("{2150E333-8FDC-42A3-9474-1A3956D46DE8}") = "admin", "admin", "{EBA5D35A-34A1-43C8-B110-1248F5162942}"
	ProjectSection(SolutionItems) = preProject
		LICENSE.txt = LICENSE.txt
		README.md = README.md
	EndProjectSection
EndProject
Project("{2150E333-8FDC-42A3-9474-1A3956D46DE8}") = "doc_src", "doc_src", "{B27FB787-6DFD-43EF-8053-DC74D384392B}"
	ProjectSection(SolutionItems) = preProject
		doc_src\assemblies.rst = doc_src\assemblies.rst
		doc_src\CasaSoft.KmlForms.xml.rst = doc_src\CasaSoft.KmlForms.xml.rst
		doc_src\CasaSoft.KmlLib.Base.xml.rst = doc_src\CasaSoft.KmlLib.Base.xml.rst
		doc_src\CasaSoft.KmlLib.MSTS.xml.rst = doc_src\CasaSoft.KmlLib.MSTS.xml.rst
		doc_src\CasaSoft.KmlLib.R3D.xml.rst = doc_src\CasaSoft.KmlLib.R3D.xml.rst
		doc_src\CasaSoft.R3D.Coords.xml.rst = doc_src\CasaSoft.R3D.Coords.xml.rst
		doc_src\CasaSoft.R3DForms.xml.rst = doc_src\CasaSoft.R3DForms.xml.rst
		doc_src\CasaSoft.vrt.BaseForms.xml.rst = doc_src\CasaSoft.vrt.BaseForms.xml.rst
		doc_src\conf.py = doc_src\conf.py
		doc_src\developers.rst = doc_src\developers.rst
		doc_src\final.rst = doc_src\final.rst
		doc_src\generic.rst = doc_src\generic.rst
		doc_src\index.rst = doc_src\index.rst
		doc_src\kml2label.rst = doc_src\kml2label.rst
		doc_src\kml2mkr.rst = doc_src\kml2mkr.rst
		doc_src\kml2mkrc.rst = doc_src\kml2mkrc.rst
		doc_src\legal.rst = doc_src\legal.rst
		doc_src\license.xmp = doc_src\license.xmp
		doc_src\make.bat = doc_src\make.bat
		doc_src\Makefile = doc_src\Makefile
		doc_src\makesite.bat = doc_src\makesite.bat
		doc_src\msts.rst = doc_src\msts.rst
		doc_src\rail3d.rst = doc_src\rail3d.rst
		doc_src\userguides.rst = doc_src\userguides.rst
	EndProjectSection
EndProject
Project("{2150E333-8FDC-42A3-9474-1A3956D46DE8}") = "images", "images", "{9E8B15D8-B769-4E37-9268-9260F51125D1}"
	ProjectSection(SolutionItems) = preProject
		doc_src\images\cover_image.png = doc_src\images\cover_image.png
		doc_src\images\logo.png = doc_src\images\logo.png
	EndProjectSection
EndProject
Project("{FAE04EC0-301F-11D3-BF4B-00C04F79EFBC}") = "BaseForms", "BaseForms\BaseForms.csproj", "{FFDBC7FB-F2A2-49C7-9718-9F29706A7A91}"
EndProject
Project("{FAE04EC0-301F-11D3-BF4B-00C04F79EFBC}") = "R3DCoords", "R3DCoords\R3DCoords.csproj", "{DA2258D3-71B7-494E-B651-4F86E239DB21}"
EndProject
Project("{FAE04EC0-301F-11D3-BF4B-00C04F79EFBC}") = "kml2label", "kml2label\kml2label.csproj", "{8AA6E47F-E065-442F-BE4A-4D6E47977B04}"
EndProject
Project("{FAE04EC0-301F-11D3-BF4B-00C04F79EFBC}") = "KmlLibBase", "KmlLibBase\KmlLibBase.csproj", "{A7E8D82A-D1F4-4E45-9D6A-56BFB7A47311}"
EndProject
Project("{FAE04EC0-301F-11D3-BF4B-00C04F79EFBC}") = "KmlLibMSTS", "KmlLibMSTS\KmlLibMSTS.csproj", "{0034A523-FE85-4D06-9649-A07CB3614092}"
EndProject
Project("{FAE04EC0-301F-11D3-BF4B-00C04F79EFBC}") = "KmlLibR3D", "KmlLibR3D\KmlLibR3D.csproj", "{26BA0943-FBE3-4249-9F12-14EED31C1E50}"
EndProject
Project("{FAE04EC0-301F-11D3-BF4B-00C04F79EFBC}") = "R3DForms", "R3DForms\R3DForms.csproj", "{C325F07A-98E5-4EEA-94B0-525FE36F5589}"
EndProject
Project("{2150E333-8FDC-42A3-9474-1A3956D46DE8}") = "Modeling tools", "Modeling tools", "{FAA20F92-278D-4B69-A177-B914E8DE4354}"
EndProject
Project("{FAE04EC0-301F-11D3-BF4B-00C04F79EFBC}") = "mm2m", "Modeling Tools\mm2m\mm2m.csproj", "{073D1C79-AF73-49BA-9FD0-3D855688B00C}"
EndProject
Project("{2150E333-8FDC-42A3-9474-1A3956D46DE8}") = "ORTS Libs", "ORTS Libs", "{6667A0A9-D25B-4444-ACB5-471A12E46685}"
EndProject
Project("{FAE04EC0-301F-11D3-BF4B-00C04F79EFBC}") = "Orts.Parsers.Msts", "ORTS Libs\Orts.Parsers.Msts\Orts.Parsers.Msts.csproj", "{CC8F071F-5DC7-4F95-B9AF-D6C3FEBFA442}"
EndProject
Project("{FAE04EC0-301F-11D3-BF4B-00C04F79EFBC}") = "Orts.Formats.Msts", "ORTS Libs\Orts.Formats.Msts\Orts.Formats.Msts.csproj", "{570709FA-0C8A-4B1D-BA2D-D9455AFD9B5C}"
EndProject
Global
	GlobalSection(SolutionConfigurationPlatforms) = preSolution
		Debug|Any CPU = Debug|Any CPU
		Debug|x86 = Debug|x86
		Release|Any CPU = Release|Any CPU
		Release|x86 = Release|x86
	EndGlobalSection
	GlobalSection(ProjectConfigurationPlatforms) = postSolution
		{7CA6F8EF-5EA1-4619-A2D8-3E98DF266EF0}.Debug|Any CPU.ActiveCfg = Debug|Any CPU
		{7CA6F8EF-5EA1-4619-A2D8-3E98DF266EF0}.Debug|Any CPU.Build.0 = Debug|Any CPU
		{7CA6F8EF-5EA1-4619-A2D8-3E98DF266EF0}.Debug|x86.ActiveCfg = Debug|Any CPU
		{7CA6F8EF-5EA1-4619-A2D8-3E98DF266EF0}.Debug|x86.Build.0 = Debug|Any CPU
		{7CA6F8EF-5EA1-4619-A2D8-3E98DF266EF0}.Release|Any CPU.ActiveCfg = Release|Any CPU
		{7CA6F8EF-5EA1-4619-A2D8-3E98DF266EF0}.Release|Any CPU.Build.0 = Release|Any CPU
		{7CA6F8EF-5EA1-4619-A2D8-3E98DF266EF0}.Release|x86.ActiveCfg = Release|Any CPU
		{7CA6F8EF-5EA1-4619-A2D8-3E98DF266EF0}.Release|x86.Build.0 = Release|Any CPU
		{F6F5B4C7-8CE0-4150-B5A0-A3D39E2C31F4}.Debug|Any CPU.ActiveCfg = Debug|Any CPU
		{F6F5B4C7-8CE0-4150-B5A0-A3D39E2C31F4}.Debug|Any CPU.Build.0 = Debug|Any CPU
		{F6F5B4C7-8CE0-4150-B5A0-A3D39E2C31F4}.Debug|x86.ActiveCfg = Debug|Any CPU
		{F6F5B4C7-8CE0-4150-B5A0-A3D39E2C31F4}.Debug|x86.Build.0 = Debug|Any CPU
		{F6F5B4C7-8CE0-4150-B5A0-A3D39E2C31F4}.Release|Any CPU.ActiveCfg = Release|Any CPU
		{F6F5B4C7-8CE0-4150-B5A0-A3D39E2C31F4}.Release|Any CPU.Build.0 = Release|Any CPU
		{F6F5B4C7-8CE0-4150-B5A0-A3D39E2C31F4}.Release|x86.ActiveCfg = Release|Any CPU
		{F6F5B4C7-8CE0-4150-B5A0-A3D39E2C31F4}.Release|x86.Build.0 = Release|Any CPU
		{AB082F4A-DB68-4C58-8DF9-D325A495EF60}.Debug|Any CPU.ActiveCfg = Debug|Any CPU
		{AB082F4A-DB68-4C58-8DF9-D325A495EF60}.Debug|Any CPU.Build.0 = Debug|Any CPU
		{AB082F4A-DB68-4C58-8DF9-D325A495EF60}.Debug|x86.ActiveCfg = Debug|Any CPU
		{AB082F4A-DB68-4C58-8DF9-D325A495EF60}.Debug|x86.Build.0 = Debug|Any CPU
		{AB082F4A-DB68-4C58-8DF9-D325A495EF60}.Release|Any CPU.ActiveCfg = Release|Any CPU
		{AB082F4A-DB68-4C58-8DF9-D325A495EF60}.Release|Any CPU.Build.0 = Release|Any CPU
		{AB082F4A-DB68-4C58-8DF9-D325A495EF60}.Release|x86.ActiveCfg = Release|Any CPU
		{AB082F4A-DB68-4C58-8DF9-D325A495EF60}.Release|x86.Build.0 = Release|Any CPU
		{FFDBC7FB-F2A2-49C7-9718-9F29706A7A91}.Debug|Any CPU.ActiveCfg = Debug|Any CPU
		{FFDBC7FB-F2A2-49C7-9718-9F29706A7A91}.Debug|Any CPU.Build.0 = Debug|Any CPU
		{FFDBC7FB-F2A2-49C7-9718-9F29706A7A91}.Debug|x86.ActiveCfg = Debug|Any CPU
		{FFDBC7FB-F2A2-49C7-9718-9F29706A7A91}.Debug|x86.Build.0 = Debug|Any CPU
		{FFDBC7FB-F2A2-49C7-9718-9F29706A7A91}.Release|Any CPU.ActiveCfg = Release|Any CPU
		{FFDBC7FB-F2A2-49C7-9718-9F29706A7A91}.Release|Any CPU.Build.0 = Release|Any CPU
		{FFDBC7FB-F2A2-49C7-9718-9F29706A7A91}.Release|x86.ActiveCfg = Release|Any CPU
		{FFDBC7FB-F2A2-49C7-9718-9F29706A7A91}.Release|x86.Build.0 = Release|Any CPU
		{DA2258D3-71B7-494E-B651-4F86E239DB21}.Debug|Any CPU.ActiveCfg = Debug|Any CPU
		{DA2258D3-71B7-494E-B651-4F86E239DB21}.Debug|Any CPU.Build.0 = Debug|Any CPU
		{DA2258D3-71B7-494E-B651-4F86E239DB21}.Debug|x86.ActiveCfg = Debug|Any CPU
		{DA2258D3-71B7-494E-B651-4F86E239DB21}.Debug|x86.Build.0 = Debug|Any CPU
		{DA2258D3-71B7-494E-B651-4F86E239DB21}.Release|Any CPU.ActiveCfg = Release|Any CPU
		{DA2258D3-71B7-494E-B651-4F86E239DB21}.Release|Any CPU.Build.0 = Release|Any CPU
		{DA2258D3-71B7-494E-B651-4F86E239DB21}.Release|x86.ActiveCfg = Release|Any CPU
		{DA2258D3-71B7-494E-B651-4F86E239DB21}.Release|x86.Build.0 = Release|Any CPU
		{8AA6E47F-E065-442F-BE4A-4D6E47977B04}.Debug|Any CPU.ActiveCfg = Debug|Any CPU
		{8AA6E47F-E065-442F-BE4A-4D6E47977B04}.Debug|Any CPU.Build.0 = Debug|Any CPU
		{8AA6E47F-E065-442F-BE4A-4D6E47977B04}.Debug|x86.ActiveCfg = Debug|Any CPU
		{8AA6E47F-E065-442F-BE4A-4D6E47977B04}.Debug|x86.Build.0 = Debug|Any CPU
		{8AA6E47F-E065-442F-BE4A-4D6E47977B04}.Release|Any CPU.ActiveCfg = Release|Any CPU
		{8AA6E47F-E065-442F-BE4A-4D6E47977B04}.Release|Any CPU.Build.0 = Release|Any CPU
		{8AA6E47F-E065-442F-BE4A-4D6E47977B04}.Release|x86.ActiveCfg = Release|Any CPU
		{8AA6E47F-E065-442F-BE4A-4D6E47977B04}.Release|x86.Build.0 = Release|Any CPU
		{A7E8D82A-D1F4-4E45-9D6A-56BFB7A47311}.Debug|Any CPU.ActiveCfg = Debug|Any CPU
		{A7E8D82A-D1F4-4E45-9D6A-56BFB7A47311}.Debug|Any CPU.Build.0 = Debug|Any CPU
		{A7E8D82A-D1F4-4E45-9D6A-56BFB7A47311}.Debug|x86.ActiveCfg = Debug|Any CPU
		{A7E8D82A-D1F4-4E45-9D6A-56BFB7A47311}.Debug|x86.Build.0 = Debug|Any CPU
		{A7E8D82A-D1F4-4E45-9D6A-56BFB7A47311}.Release|Any CPU.ActiveCfg = Release|Any CPU
		{A7E8D82A-D1F4-4E45-9D6A-56BFB7A47311}.Release|Any CPU.Build.0 = Release|Any CPU
		{A7E8D82A-D1F4-4E45-9D6A-56BFB7A47311}.Release|x86.ActiveCfg = Release|Any CPU
		{A7E8D82A-D1F4-4E45-9D6A-56BFB7A47311}.Release|x86.Build.0 = Release|Any CPU
		{0034A523-FE85-4D06-9649-A07CB3614092}.Debug|Any CPU.ActiveCfg = Debug|Any CPU
		{0034A523-FE85-4D06-9649-A07CB3614092}.Debug|Any CPU.Build.0 = Debug|Any CPU
		{0034A523-FE85-4D06-9649-A07CB3614092}.Debug|x86.ActiveCfg = Debug|Any CPU
		{0034A523-FE85-4D06-9649-A07CB3614092}.Debug|x86.Build.0 = Debug|Any CPU
		{0034A523-FE85-4D06-9649-A07CB3614092}.Release|Any CPU.ActiveCfg = Release|Any CPU
		{0034A523-FE85-4D06-9649-A07CB3614092}.Release|Any CPU.Build.0 = Release|Any CPU
		{0034A523-FE85-4D06-9649-A07CB3614092}.Release|x86.ActiveCfg = Release|Any CPU
		{0034A523-FE85-4D06-9649-A07CB3614092}.Release|x86.Build.0 = Release|Any CPU
		{26BA0943-FBE3-4249-9F12-14EED31C1E50}.Debug|Any CPU.ActiveCfg = Debug|Any CPU
		{26BA0943-FBE3-4249-9F12-14EED31C1E50}.Debug|Any CPU.Build.0 = Debug|Any CPU
		{26BA0943-FBE3-4249-9F12-14EED31C1E50}.Debug|x86.ActiveCfg = Debug|Any CPU
		{26BA0943-FBE3-4249-9F12-14EED31C1E50}.Debug|x86.Build.0 = Debug|Any CPU
		{26BA0943-FBE3-4249-9F12-14EED31C1E50}.Release|Any CPU.ActiveCfg = Release|Any CPU
		{26BA0943-FBE3-4249-9F12-14EED31C1E50}.Release|Any CPU.Build.0 = Release|Any CPU
		{26BA0943-FBE3-4249-9F12-14EED31C1E50}.Release|x86.ActiveCfg = Release|Any CPU
		{26BA0943-FBE3-4249-9F12-14EED31C1E50}.Release|x86.Build.0 = Release|Any CPU
		{C325F07A-98E5-4EEA-94B0-525FE36F5589}.Debug|Any CPU.ActiveCfg = Debug|Any CPU
		{C325F07A-98E5-4EEA-94B0-525FE36F5589}.Debug|Any CPU.Build.0 = Debug|Any CPU
		{C325F07A-98E5-4EEA-94B0-525FE36F5589}.Debug|x86.ActiveCfg = Debug|Any CPU
		{C325F07A-98E5-4EEA-94B0-525FE36F5589}.Debug|x86.Build.0 = Debug|Any CPU
		{C325F07A-98E5-4EEA-94B0-525FE36F5589}.Release|Any CPU.ActiveCfg = Release|Any CPU
		{C325F07A-98E5-4EEA-94B0-525FE36F5589}.Release|Any CPU.Build.0 = Release|Any CPU
		{C325F07A-98E5-4EEA-94B0-525FE36F5589}.Release|x86.ActiveCfg = Release|Any CPU
		{C325F07A-98E5-4EEA-94B0-525FE36F5589}.Release|x86.Build.0 = Release|Any CPU
		{073D1C79-AF73-49BA-9FD0-3D855688B00C}.Debug|Any CPU.ActiveCfg = Debug|Any CPU
		{073D1C79-AF73-49BA-9FD0-3D855688B00C}.Debug|Any CPU.Build.0 = Debug|Any CPU
		{073D1C79-AF73-49BA-9FD0-3D855688B00C}.Debug|x86.ActiveCfg = Debug|Any CPU
		{073D1C79-AF73-49BA-9FD0-3D855688B00C}.Debug|x86.Build.0 = Debug|Any CPU
		{073D1C79-AF73-49BA-9FD0-3D855688B00C}.Release|Any CPU.ActiveCfg = Release|Any CPU
		{073D1C79-AF73-49BA-9FD0-3D855688B00C}.Release|Any CPU.Build.0 = Release|Any CPU
		{073D1C79-AF73-49BA-9FD0-3D855688B00C}.Release|x86.ActiveCfg = Release|Any CPU
		{073D1C79-AF73-49BA-9FD0-3D855688B00C}.Release|x86.Build.0 = Release|Any CPU
		{CC8F071F-5DC7-4F95-B9AF-D6C3FEBFA442}.Debug|Any CPU.ActiveCfg = Debug|Any CPU
		{CC8F071F-5DC7-4F95-B9AF-D6C3FEBFA442}.Debug|Any CPU.Build.0 = Debug|Any CPU
		{CC8F071F-5DC7-4F95-B9AF-D6C3FEBFA442}.Debug|x86.ActiveCfg = Debug|x86
		{CC8F071F-5DC7-4F95-B9AF-D6C3FEBFA442}.Debug|x86.Build.0 = Debug|x86
		{CC8F071F-5DC7-4F95-B9AF-D6C3FEBFA442}.Release|Any CPU.ActiveCfg = Release|x86
		{CC8F071F-5DC7-4F95-B9AF-D6C3FEBFA442}.Release|x86.ActiveCfg = Release|x86
		{CC8F071F-5DC7-4F95-B9AF-D6C3FEBFA442}.Release|x86.Build.0 = Release|x86
		{570709FA-0C8A-4B1D-BA2D-D9455AFD9B5C}.Debug|Any CPU.ActiveCfg = Debug|Any CPU
		{570709FA-0C8A-4B1D-BA2D-D9455AFD9B5C}.Debug|x86.ActiveCfg = Debug|x86
		{570709FA-0C8A-4B1D-BA2D-D9455AFD9B5C}.Debug|x86.Build.0 = Debug|x86
		{570709FA-0C8A-4B1D-BA2D-D9455AFD9B5C}.Release|Any CPU.ActiveCfg = Release|x86
		{570709FA-0C8A-4B1D-BA2D-D9455AFD9B5C}.Release|x86.ActiveCfg = Release|x86
		{570709FA-0C8A-4B1D-BA2D-D9455AFD9B5C}.Release|x86.Build.0 = Release|x86
	EndGlobalSection
	GlobalSection(SolutionProperties) = preSolution
		HideSolutionNode = FALSE
	EndGlobalSection
	GlobalSection(NestedProjects) = preSolution
		{9E8B15D8-B769-4E37-9268-9260F51125D1} = {B27FB787-6DFD-43EF-8053-DC74D384392B}
		{073D1C79-AF73-49BA-9FD0-3D855688B00C} = {FAA20F92-278D-4B69-A177-B914E8DE4354}
		{CC8F071F-5DC7-4F95-B9AF-D6C3FEBFA442} = {6667A0A9-D25B-4444-ACB5-471A12E46685}
		{570709FA-0C8A-4B1D-BA2D-D9455AFD9B5C} = {6667A0A9-D25B-4444-ACB5-471A12E46685}
	EndGlobalSection
EndGlobal
